
Microsoft Visual Studio Solution File, Format Version 12.00
# Visual Studio 15
VisualStudioVersion = 15.0.27004.2008
MinimumVisualStudioVersion = 10.0.40219.1
Project("{FAE04EC0-301F-11D3-BF4B-00C04F79EFBC}") = "RegRuCertBuilder", "RegRuCertBuilder\RegRuCertBuilder.csproj", "{7CBF1C62-FAC7-4CC1-834B-C57BE00D663C}"
EndProject
Global
	GlobalSection(SolutionConfigurationPlatforms) = preSolution
		Debug|Any CPU = Debug|Any CPU
		Release|Any CPU = Release|Any CPU
	EndGlobalSection
	GlobalSection(ProjectConfigurationPlatforms) = postSolution
		{7CBF1C62-FAC7-4CC1-834B-C57BE00D663C}.Debug|Any CPU.ActiveCfg = Debug|Any CPU
		{7CBF1C62-FAC7-4CC1-834B-C57BE00D663C}.Debug|Any CPU.Build.0 = Debug|Any CPU
		{7CBF1C62-FAC7-4CC1-834B-C57BE00D663C}.Release|Any CPU.ActiveCfg = Release|Any CPU
		{7CBF1C62-FAC7-4CC1-834B-C57BE00D663C}.Release|Any CPU.Build.0 = Release|Any CPU
	EndGlobalSection
	GlobalSection(SolutionProperties) = preSolution
		HideSolutionNode = FALSE
	EndGlobalSection
	GlobalSection(ExtensibilityGlobals) = postSolution
		SolutionGuid = {013A19A0-8055-4736-9B2D-FAB35BAD27E3}
	EndGlobalSection
EndGlobal
